
Microsoft Visual Studio Solution File, Format Version 12.00
# Visual Studio Version 17
VisualStudioVersion = 17.7.34009.444
MinimumVisualStudioVersion = 10.0.40219.1
Project("{9A19103F-16F7-4668-BE54-9A1E7A4F7556}") = "RetailStoreStrategies", "RetailStoreStrategies\RetailStoreStrategies.csproj", "{68C0D3DF-6824-45C5-B25C-2B02BE017FFD}"
	ProjectSection(ProjectDependencies) = postProject
		{A91ADBF3-9137-4E84-9727-41DBA503C918} = {A91ADBF3-9137-4E84-9727-41DBA503C918}
		{B070BDDD-D7B6-41D8-9E7E-6108FD419C75} = {B070BDDD-D7B6-41D8-9E7E-6108FD419C75}
	EndProjectSection
EndProject
Project("{FAE04EC0-301F-11D3-BF4B-00C04F79EFBC}") = "RetailStoreStrategies.Service", "RetailStoreStrategies.Service\RetailStoreStrategies.Service.csproj", "{B070BDDD-D7B6-41D8-9E7E-6108FD419C75}"
EndProject
Project("{FAE04EC0-301F-11D3-BF4B-00C04F79EFBC}") = "RetailStoreStrategies.Model", "RetailStoreStrategies.Model\RetailStoreStrategies.Model.csproj", "{A91ADBF3-9137-4E84-9727-41DBA503C918}"
EndProject
Global
	GlobalSection(SolutionConfigurationPlatforms) = preSolution
		Debug|Any CPU = Debug|Any CPU
		Release|Any CPU = Release|Any CPU
	EndGlobalSection
	GlobalSection(ProjectConfigurationPlatforms) = postSolution
		{68C0D3DF-6824-45C5-B25C-2B02BE017FFD}.Debug|Any CPU.ActiveCfg = Debug|Any CPU
		{68C0D3DF-6824-45C5-B25C-2B02BE017FFD}.Debug|Any CPU.Build.0 = Debug|Any CPU
		{68C0D3DF-6824-45C5-B25C-2B02BE017FFD}.Release|Any CPU.ActiveCfg = Release|Any CPU
		{68C0D3DF-6824-45C5-B25C-2B02BE017FFD}.Release|Any CPU.Build.0 = Release|Any CPU
		{B070BDDD-D7B6-41D8-9E7E-6108FD419C75}.Debug|Any CPU.ActiveCfg = Debug|Any CPU
		{B070BDDD-D7B6-41D8-9E7E-6108FD419C75}.Debug|Any CPU.Build.0 = Debug|Any CPU
		{B070BDDD-D7B6-41D8-9E7E-6108FD419C75}.Release|Any CPU.ActiveCfg = Release|Any CPU
		{B070BDDD-D7B6-41D8-9E7E-6108FD419C75}.Release|Any CPU.Build.0 = Release|Any CPU
		{A91ADBF3-9137-4E84-9727-41DBA503C918}.Debug|Any CPU.ActiveCfg = Debug|Any CPU
		{A91ADBF3-9137-4E84-9727-41DBA503C918}.Debug|Any CPU.Build.0 = Debug|Any CPU
		{A91ADBF3-9137-4E84-9727-41DBA503C918}.Release|Any CPU.ActiveCfg = Release|Any CPU
		{A91ADBF3-9137-4E84-9727-41DBA503C918}.Release|Any CPU.Build.0 = Release|Any CPU
	EndGlobalSection
	GlobalSection(SolutionProperties) = preSolution
		HideSolutionNode = FALSE
	EndGlobalSection
	GlobalSection(ExtensibilityGlobals) = postSolution
		SolutionGuid = {FEFCC98D-9686-4F3B-BBF0-D048FEF6CF2A}
	EndGlobalSection
EndGlobal
